
Microsoft Visual Studio Solution File, Format Version 12.00
# Visual Studio Version 17
VisualStudioVersion = 17.14.36401.2
MinimumVisualStudioVersion = 10.0.40219.1
Project("{FAE04EC0-301F-11D3-BF4B-00C04F79EFBC}") = "DPQ.lib", "DPQ.lib\DPQ.lib.csproj", "{5100FB19-5A56-45E9-9196-4DF3F5823031}"
EndProject
Project("{2150E333-8FDC-42A3-9474-1A3956D46DE8}") = "src", "src", "{02EA681E-C7D8-13C7-8484-4AC65E1B71E8}"
EndProject
Project("{FAE04EC0-301F-11D3-BF4B-00C04F79EFBC}") = "ConsoleApp1", "ConsoleApp1\ConsoleApp1.csproj", "{993A618A-4ED3-4D5B-893B-F06E3B98A018}"
EndProject
Global
	GlobalSection(SolutionConfigurationPlatforms) = preSolution
		Debug|Any CPU = Debug|Any CPU
		Release|Any CPU = Release|Any CPU
	EndGlobalSection
	GlobalSection(ProjectConfigurationPlatforms) = postSolution
		{5100FB19-5A56-45E9-9196-4DF3F5823031}.Debug|Any CPU.ActiveCfg = Debug|Any CPU
		{5100FB19-5A56-45E9-9196-4DF3F5823031}.Debug|Any CPU.Build.0 = Debug|Any CPU
		{5100FB19-5A56-45E9-9196-4DF3F5823031}.Release|Any CPU.ActiveCfg = Release|Any CPU
		{5100FB19-5A56-45E9-9196-4DF3F5823031}.Release|Any CPU.Build.0 = Release|Any CPU
		{993A618A-4ED3-4D5B-893B-F06E3B98A018}.Debug|Any CPU.ActiveCfg = Debug|Any CPU
		{993A618A-4ED3-4D5B-893B-F06E3B98A018}.Debug|Any CPU.Build.0 = Debug|Any CPU
		{993A618A-4ED3-4D5B-893B-F06E3B98A018}.Release|Any CPU.ActiveCfg = Release|Any CPU
		{993A618A-4ED3-4D5B-893B-F06E3B98A018}.Release|Any CPU.Build.0 = Release|Any CPU
	EndGlobalSection
	GlobalSection(SolutionProperties) = preSolution
		HideSolutionNode = FALSE
	EndGlobalSection
	GlobalSection(NestedProjects) = preSolution
		{5100FB19-5A56-45E9-9196-4DF3F5823031} = {02EA681E-C7D8-13C7-8484-4AC65E1B71E8}
	EndGlobalSection
	GlobalSection(ExtensibilityGlobals) = postSolution
		SolutionGuid = {6BDD3DF3-77D8-430B-A60B-B99D2EAAD9B1}
	EndGlobalSection
EndGlobal
